
Microsoft Visual Studio Solution File, Format Version 12.00
Project("{2150E333-8FDC-42A3-9474-1A3956D46DE8}") = "Core", "Core", "{A5472568-594B-4D31-B9C9-E1E801E220F2}"
EndProject
Project("{2150E333-8FDC-42A3-9474-1A3956D46DE8}") = "Infrastructure", "Infrastructure", "{50F53480-6D64-4896-8F55-172870C5F823}"
EndProject
Project("{2150E333-8FDC-42A3-9474-1A3956D46DE8}") = "src", "src", "{75429066-62F4-4B8D-BE7E-017FF2A85898}"
EndProject
Project("{FAE04EC0-301F-11D3-BF4B-00C04F79EFBC}") = "AStar.Organisation.Core.Domain", "src\AStar.Organisation.Core.Domain\AStar.Organisation.Core.Domain.csproj", "{0D34CCBF-4977-4FDE-A3C1-9510220247B1}"
EndProject
Project("{FAE04EC0-301F-11D3-BF4B-00C04F79EFBC}") = "AStar.Organization.Core.DomainServices", "src\AStar.Organization.Core.DomainServices\AStar.Organization.Core.DomainServices.csproj", "{A97C110D-51EC-4F82-B86B-FFB364BEA18F}"
EndProject
Project("{FAE04EC0-301F-11D3-BF4B-00C04F79EFBC}") = "AStar.Organisation.Core.Application", "src\AStar.Organisation.Core.Application\AStar.Organisation.Core.Application.csproj", "{A9A824CA-C576-4D23-B6F1-CA6A30F6BEDC}"
EndProject
Project("{FAE04EC0-301F-11D3-BF4B-00C04F79EFBC}") = "AStar.Organization.Infrastructure.API", "src\AStar.Organization.Infrastructure.API\AStar.Organization.Infrastructure.API.csproj", "{D989D1E1-59EA-4881-B16D-E34C0FE836B2}"
EndProject
Project("{FAE04EC0-301F-11D3-BF4B-00C04F79EFBC}") = "AStar.Organisation.Infrastructure.DAL", "src\AStar.Organisation.Infrastructure.DAL\AStar.Organisation.Infrastructure.DAL.csproj", "{A51E4D71-0620-4370-8797-C94F29A25F4E}"
EndProject
Project("{FAE04EC0-301F-11D3-BF4B-00C04F79EFBC}") = "AStar.Organization.Infrastructure.BLL", "src\AStar.Organization.Infrastructure.BLL\AStar.Organization.Infrastructure.BLL.csproj", "{22B5D20A-0258-4D51-BC8E-15CEE24B58D0}"
EndProject
Project("{FAE04EC0-301F-11D3-BF4B-00C04F79EFBC}") = "AStar.Organisation.Infrastructure.UnitTests", "src\AStar.Organisation.Infrastructure.UnitTests\AStar.Organisation.Infrastructure.UnitTests.csproj", "{6E08C39C-7918-4EDA-8101-9DE22DD83076}"
EndProject
Project("{FAE04EC0-301F-11D3-BF4B-00C04F79EFBC}") = "AStar.Organisation.Infrastructure.IntegrationTests", "src\AStar.Organisation.Infrastructure.IntegrationTests\AStar.Organisation.Infrastructure.IntegrationTests.csproj", "{EED61399-5E66-4785-99BE-0C01647D1CEC}"
EndProject
Global
	GlobalSection(SolutionConfigurationPlatforms) = preSolution
		Debug|Any CPU = Debug|Any CPU
		Release|Any CPU = Release|Any CPU
	EndGlobalSection
	GlobalSection(ProjectConfigurationPlatforms) = postSolution
		{0D34CCBF-4977-4FDE-A3C1-9510220247B1}.Debug|Any CPU.ActiveCfg = Debug|Any CPU
		{0D34CCBF-4977-4FDE-A3C1-9510220247B1}.Debug|Any CPU.Build.0 = Debug|Any CPU
		{0D34CCBF-4977-4FDE-A3C1-9510220247B1}.Release|Any CPU.ActiveCfg = Release|Any CPU
		{0D34CCBF-4977-4FDE-A3C1-9510220247B1}.Release|Any CPU.Build.0 = Release|Any CPU
		{A97C110D-51EC-4F82-B86B-FFB364BEA18F}.Debug|Any CPU.ActiveCfg = Debug|Any CPU
		{A97C110D-51EC-4F82-B86B-FFB364BEA18F}.Debug|Any CPU.Build.0 = Debug|Any CPU
		{A97C110D-51EC-4F82-B86B-FFB364BEA18F}.Release|Any CPU.ActiveCfg = Release|Any CPU
		{A97C110D-51EC-4F82-B86B-FFB364BEA18F}.Release|Any CPU.Build.0 = Release|Any CPU
		{A9A824CA-C576-4D23-B6F1-CA6A30F6BEDC}.Debug|Any CPU.ActiveCfg = Debug|Any CPU
		{A9A824CA-C576-4D23-B6F1-CA6A30F6BEDC}.Debug|Any CPU.Build.0 = Debug|Any CPU
		{A9A824CA-C576-4D23-B6F1-CA6A30F6BEDC}.Release|Any CPU.ActiveCfg = Release|Any CPU
		{A9A824CA-C576-4D23-B6F1-CA6A30F6BEDC}.Release|Any CPU.Build.0 = Release|Any CPU
		{D989D1E1-59EA-4881-B16D-E34C0FE836B2}.Debug|Any CPU.ActiveCfg = Debug|Any CPU
		{D989D1E1-59EA-4881-B16D-E34C0FE836B2}.Debug|Any CPU.Build.0 = Debug|Any CPU
		{D989D1E1-59EA-4881-B16D-E34C0FE836B2}.Release|Any CPU.ActiveCfg = Release|Any CPU
		{D989D1E1-59EA-4881-B16D-E34C0FE836B2}.Release|Any CPU.Build.0 = Release|Any CPU
		{A51E4D71-0620-4370-8797-C94F29A25F4E}.Debug|Any CPU.ActiveCfg = Debug|Any CPU
		{A51E4D71-0620-4370-8797-C94F29A25F4E}.Debug|Any CPU.Build.0 = Debug|Any CPU
		{A51E4D71-0620-4370-8797-C94F29A25F4E}.Release|Any CPU.ActiveCfg = Release|Any CPU
		{A51E4D71-0620-4370-8797-C94F29A25F4E}.Release|Any CPU.Build.0 = Release|Any CPU
		{22B5D20A-0258-4D51-BC8E-15CEE24B58D0}.Debug|Any CPU.ActiveCfg = Debug|Any CPU
		{22B5D20A-0258-4D51-BC8E-15CEE24B58D0}.Debug|Any CPU.Build.0 = Debug|Any CPU
		{22B5D20A-0258-4D51-BC8E-15CEE24B58D0}.Release|Any CPU.ActiveCfg = Release|Any CPU
		{22B5D20A-0258-4D51-BC8E-15CEE24B58D0}.Release|Any CPU.Build.0 = Release|Any CPU
		{6E08C39C-7918-4EDA-8101-9DE22DD83076}.Debug|Any CPU.ActiveCfg = Debug|Any CPU
		{6E08C39C-7918-4EDA-8101-9DE22DD83076}.Debug|Any CPU.Build.0 = Debug|Any CPU
		{6E08C39C-7918-4EDA-8101-9DE22DD83076}.Release|Any CPU.ActiveCfg = Release|Any CPU
		{6E08C39C-7918-4EDA-8101-9DE22DD83076}.Release|Any CPU.Build.0 = Release|Any CPU
		{EED61399-5E66-4785-99BE-0C01647D1CEC}.Debug|Any CPU.ActiveCfg = Debug|Any CPU
		{EED61399-5E66-4785-99BE-0C01647D1CEC}.Debug|Any CPU.Build.0 = Debug|Any CPU
		{EED61399-5E66-4785-99BE-0C01647D1CEC}.Release|Any CPU.ActiveCfg = Release|Any CPU
		{EED61399-5E66-4785-99BE-0C01647D1CEC}.Release|Any CPU.Build.0 = Release|Any CPU
	EndGlobalSection
	GlobalSection(NestedProjects) = preSolution
		{A5472568-594B-4D31-B9C9-E1E801E220F2} = {75429066-62F4-4B8D-BE7E-017FF2A85898}
		{50F53480-6D64-4896-8F55-172870C5F823} = {75429066-62F4-4B8D-BE7E-017FF2A85898}
		{0D34CCBF-4977-4FDE-A3C1-9510220247B1} = {A5472568-594B-4D31-B9C9-E1E801E220F2}
		{A97C110D-51EC-4F82-B86B-FFB364BEA18F} = {A5472568-594B-4D31-B9C9-E1E801E220F2}
		{A9A824CA-C576-4D23-B6F1-CA6A30F6BEDC} = {A5472568-594B-4D31-B9C9-E1E801E220F2}
		{D989D1E1-59EA-4881-B16D-E34C0FE836B2} = {50F53480-6D64-4896-8F55-172870C5F823}
		{A51E4D71-0620-4370-8797-C94F29A25F4E} = {50F53480-6D64-4896-8F55-172870C5F823}
		{22B5D20A-0258-4D51-BC8E-15CEE24B58D0} = {50F53480-6D64-4896-8F55-172870C5F823}
		{6E08C39C-7918-4EDA-8101-9DE22DD83076} = {50F53480-6D64-4896-8F55-172870C5F823}
		{EED61399-5E66-4785-99BE-0C01647D1CEC} = {50F53480-6D64-4896-8F55-172870C5F823}
	EndGlobalSection
EndGlobal
